
Microsoft Visual Studio Solution File, Format Version 12.00
# Visual Studio 15
VisualStudioVersion = 15.0.28307.271
MinimumVisualStudioVersion = 10.0.40219.1
Project("{FAE04EC0-301F-11D3-BF4B-00C04F79EFBC}") = "restapi2", "restapi2\restapi2.csproj", "{B25C2F0B-8726-472D-B7D0-59FE989CDB30}"
EndProject
Global
	GlobalSection(SolutionConfigurationPlatforms) = preSolution
		Debug|Any CPU = Debug|Any CPU
		Release|Any CPU = Release|Any CPU
	EndGlobalSection
	GlobalSection(ProjectConfigurationPlatforms) = postSolution
		{B25C2F0B-8726-472D-B7D0-59FE989CDB30}.Debug|Any CPU.ActiveCfg = Debug|Any CPU
		{B25C2F0B-8726-472D-B7D0-59FE989CDB30}.Debug|Any CPU.Build.0 = Debug|Any CPU
		{B25C2F0B-8726-472D-B7D0-59FE989CDB30}.Release|Any CPU.ActiveCfg = Release|Any CPU
		{B25C2F0B-8726-472D-B7D0-59FE989CDB30}.Release|Any CPU.Build.0 = Release|Any CPU
	EndGlobalSection
	GlobalSection(SolutionProperties) = preSolution
		HideSolutionNode = FALSE
	EndGlobalSection
	GlobalSection(ExtensibilityGlobals) = postSolution
		SolutionGuid = {4EA69FAE-593A-4F6D-9541-19401D2ACED0}
	EndGlobalSection
EndGlobal
